
Microsoft Visual Studio Solution File, Format Version 12.00
# Visual Studio Version 17
VisualStudioVersion = 17.2.32516.85
MinimumVisualStudioVersion = 10.0.40219.1
Project("{FAE04EC0-301F-11D3-BF4B-00C04F79EFBC}") = "MigracionSqlFinal", "MigracionSqlFinal\MigracionSqlFinal.csproj", "{259DCD16-DAD5-46BA-ABBC-5EED30C10472}"
EndProject
Project("{FAE04EC0-301F-11D3-BF4B-00C04F79EFBC}") = "MigracionDAL", "MigracionDAL\MigracionDAL.csproj", "{DD7FD66F-32D8-4C56-BC57-6821E5AC3BB7}"
EndProject
Global
	GlobalSection(SolutionConfigurationPlatforms) = preSolution
		Debug|Any CPU = Debug|Any CPU
		Release|Any CPU = Release|Any CPU
	EndGlobalSection
	GlobalSection(ProjectConfigurationPlatforms) = postSolution
		{259DCD16-DAD5-46BA-ABBC-5EED30C10472}.Debug|Any CPU.ActiveCfg = Debug|Any CPU
		{259DCD16-DAD5-46BA-ABBC-5EED30C10472}.Debug|Any CPU.Build.0 = Debug|Any CPU
		{259DCD16-DAD5-46BA-ABBC-5EED30C10472}.Release|Any CPU.ActiveCfg = Release|Any CPU
		{259DCD16-DAD5-46BA-ABBC-5EED30C10472}.Release|Any CPU.Build.0 = Release|Any CPU
		{DD7FD66F-32D8-4C56-BC57-6821E5AC3BB7}.Debug|Any CPU.ActiveCfg = Debug|Any CPU
		{DD7FD66F-32D8-4C56-BC57-6821E5AC3BB7}.Debug|Any CPU.Build.0 = Debug|Any CPU
		{DD7FD66F-32D8-4C56-BC57-6821E5AC3BB7}.Release|Any CPU.ActiveCfg = Release|Any CPU
		{DD7FD66F-32D8-4C56-BC57-6821E5AC3BB7}.Release|Any CPU.Build.0 = Release|Any CPU
	EndGlobalSection
	GlobalSection(SolutionProperties) = preSolution
		HideSolutionNode = FALSE
	EndGlobalSection
	GlobalSection(ExtensibilityGlobals) = postSolution
		SolutionGuid = {4D91C62F-084A-4DB4-9763-9DAC904D588D}
	EndGlobalSection
EndGlobal
